
Microsoft Visual Studio Solution File, Format Version 12.00
# Visual Studio Version 17
VisualStudioVersion = 17.7.34031.279
MinimumVisualStudioVersion = 10.0.40219.1
Project("{FAE04EC0-301F-11D3-BF4B-00C04F79EFBC}") = "EjercicioArray3", "EjercicioArray3.csproj", "{9EA9EF77-2E68-4A0C-BA08-500E7A99407D}"
EndProject
Global
	GlobalSection(SolutionConfigurationPlatforms) = preSolution
		Debug|Any CPU = Debug|Any CPU
		Release|Any CPU = Release|Any CPU
	EndGlobalSection
	GlobalSection(ProjectConfigurationPlatforms) = postSolution
		{9EA9EF77-2E68-4A0C-BA08-500E7A99407D}.Debug|Any CPU.ActiveCfg = Debug|Any CPU
		{9EA9EF77-2E68-4A0C-BA08-500E7A99407D}.Debug|Any CPU.Build.0 = Debug|Any CPU
		{9EA9EF77-2E68-4A0C-BA08-500E7A99407D}.Release|Any CPU.ActiveCfg = Release|Any CPU
		{9EA9EF77-2E68-4A0C-BA08-500E7A99407D}.Release|Any CPU.Build.0 = Release|Any CPU
	EndGlobalSection
	GlobalSection(SolutionProperties) = preSolution
		HideSolutionNode = FALSE
	EndGlobalSection
	GlobalSection(ExtensibilityGlobals) = postSolution
		SolutionGuid = {993B3C51-72AF-4A25-B598-CCBED59E8A22}
	EndGlobalSection
EndGlobal
